// !$*UTF8*$!
{
	archiveVersion = 1;
	classes = {
	};
	objectVersion = 56;
	objects = {

/* Begin PBXBuildFile section */
		919B015C29F1156400B79435 /* SignInViewController.swift in Sources */ = {isa = PBXBuildFile; fileRef = 919B015B29F1156400B79435 /* SignInViewController.swift */; };
		919B015E29F115A400B79435 /* BaseViewController.swift in Sources */ = {isa = PBXBuildFile; fileRef = 919B015D29F115A400B79435 /* BaseViewController.swift */; };
		919B016029F115F600B79435 /* BaseUIView.swift in Sources */ = {isa = PBXBuildFile; fileRef = 919B015F29F115F600B79435 /* BaseUIView.swift */; };
		919B016229F1161C00B79435 /* UIColor+Extension.swift in Sources */ = {isa = PBXBuildFile; fileRef = 919B016129F1161C00B79435 /* UIColor+Extension.swift */; };
		919B016429F1166E00B79435 /* ImageLiteral.swift in Sources */ = {isa = PBXBuildFile; fileRef = 919B016329F1166E00B79435 /* ImageLiteral.swift */; };
		919B016629F118DE00B79435 /* UIFont+Extension.swift in Sources */ = {isa = PBXBuildFile; fileRef = 919B016529F118DE00B79435 /* UIFont+Extension.swift */; };
		919B016829F1191C00B79435 /* UIView+Extension.swift in Sources */ = {isa = PBXBuildFile; fileRef = 919B016729F1191C00B79435 /* UIView+Extension.swift */; };
		919B016A29F1195200B79435 /* UITextField+Extension.swift in Sources */ = {isa = PBXBuildFile; fileRef = 919B016929F1195200B79435 /* UITextField+Extension.swift */; };
		919B016C29F1197700B79435 /* String+Extension.swift in Sources */ = {isa = PBXBuildFile; fileRef = 919B016B29F1197700B79435 /* String+Extension.swift */; };
		919B016E29F119BE00B79435 /* UIButton+Extension.swift in Sources */ = {isa = PBXBuildFile; fileRef = 919B016D29F119BE00B79435 /* UIButton+Extension.swift */; };
		919B017529F11D8E00B79435 /* TextLiteral.swift in Sources */ = {isa = PBXBuildFile; fileRef = 919B017429F11D8E00B79435 /* TextLiteral.swift */; };
		919B017929F1218F00B79435 /* SignInView.swift in Sources */ = {isa = PBXBuildFile; fileRef = 919B017829F1218F00B79435 /* SignInView.swift */; };
		919B017C29F121BB00B79435 /* SnapKit in Frameworks */ = {isa = PBXBuildFile; productRef = 919B017B29F121BB00B79435 /* SnapKit */; };
		919B017E29F1299000B79435 /* UIStackView+Extension.swift in Sources */ = {isa = PBXBuildFile; fileRef = 919B017D29F1299000B79435 /* UIStackView+Extension.swift */; };
		919B019329F17D3600B79435 /* Pretendard-Black.otf in Resources */ = {isa = PBXBuildFile; fileRef = 919B018A29F17D3600B79435 /* Pretendard-Black.otf */; };
		919B019429F17D3600B79435 /* Pretendard-ExtraBold.otf in Resources */ = {isa = PBXBuildFile; fileRef = 919B018B29F17D3600B79435 /* Pretendard-ExtraBold.otf */; };
		919B019529F17D3600B79435 /* Pretendard-Thin.otf in Resources */ = {isa = PBXBuildFile; fileRef = 919B018C29F17D3600B79435 /* Pretendard-Thin.otf */; };
		919B019629F17D3600B79435 /* Pretendard-ExtraLight.otf in Resources */ = {isa = PBXBuildFile; fileRef = 919B018D29F17D3600B79435 /* Pretendard-ExtraLight.otf */; };
		919B019729F17D3600B79435 /* Pretendard-Medium.otf in Resources */ = {isa = PBXBuildFile; fileRef = 919B018E29F17D3600B79435 /* Pretendard-Medium.otf */; };
		919B019829F17D3600B79435 /* Pretendard-Bold.otf in Resources */ = {isa = PBXBuildFile; fileRef = 919B018F29F17D3600B79435 /* Pretendard-Bold.otf */; };
		919B019929F17D3600B79435 /* Pretendard-SemiBold.otf in Resources */ = {isa = PBXBuildFile; fileRef = 919B019029F17D3600B79435 /* Pretendard-SemiBold.otf */; };
		919B019A29F17D3600B79435 /* Pretendard-Light.otf in Resources */ = {isa = PBXBuildFile; fileRef = 919B019129F17D3600B79435 /* Pretendard-Light.otf */; };
		919B019B29F17D3600B79435 /* Pretendard-Regular.otf in Resources */ = {isa = PBXBuildFile; fileRef = 919B019229F17D3600B79435 /* Pretendard-Regular.otf */; };
		919DCFFD29D7F84900324D03 /* AppDelegate.swift in Sources */ = {isa = PBXBuildFile; fileRef = 919DCFFC29D7F84900324D03 /* AppDelegate.swift */; };
		919DCFFF29D7F84900324D03 /* SceneDelegate.swift in Sources */ = {isa = PBXBuildFile; fileRef = 919DCFFE29D7F84900324D03 /* SceneDelegate.swift */; };
		919DD00629D7F84B00324D03 /* Assets.xcassets in Resources */ = {isa = PBXBuildFile; fileRef = 919DD00529D7F84B00324D03 /* Assets.xcassets */; };
		919DD00929D7F84B00324D03 /* LaunchScreen.storyboard in Resources */ = {isa = PBXBuildFile; fileRef = 919DD00729D7F84B00324D03 /* LaunchScreen.storyboard */; };
/* End PBXBuildFile section */

/* Begin PBXFileReference section */
		919B015B29F1156400B79435 /* SignInViewController.swift */ = {isa = PBXFileReference; lastKnownFileType = sourcecode.swift; path = SignInViewController.swift; sourceTree = "<group>"; };
		919B015D29F115A400B79435 /* BaseViewController.swift */ = {isa = PBXFileReference; lastKnownFileType = sourcecode.swift; path = BaseViewController.swift; sourceTree = "<group>"; };
		919B015F29F115F600B79435 /* BaseUIView.swift */ = {isa = PBXFileReference; lastKnownFileType = sourcecode.swift; path = BaseUIView.swift; sourceTree = "<group>"; };
		919B016129F1161C00B79435 /* UIColor+Extension.swift */ = {isa = PBXFileReference; lastKnownFileType = sourcecode.swift; path = "UIColor+Extension.swift"; sourceTree = "<group>"; };
		919B016329F1166E00B79435 /* ImageLiteral.swift */ = {isa = PBXFileReference; lastKnownFileType = sourcecode.swift; path = ImageLiteral.swift; sourceTree = "<group>"; };
		919B016529F118DE00B79435 /* UIFont+Extension.swift */ = {isa = PBXFileReference; lastKnownFileType = sourcecode.swift; path = "UIFont+Extension.swift"; sourceTree = "<group>"; };
		919B016729F1191C00B79435 /* UIView+Extension.swift */ = {isa = PBXFileReference; lastKnownFileType = sourcecode.swift; path = "UIView+Extension.swift"; sourceTree = "<group>"; };
		919B016929F1195200B79435 /* UITextField+Extension.swift */ = {isa = PBXFileReference; lastKnownFileType = sourcecode.swift; path = "UITextField+Extension.swift"; sourceTree = "<group>"; };
		919B016B29F1197700B79435 /* String+Extension.swift */ = {isa = PBXFileReference; lastKnownFileType = sourcecode.swift; path = "String+Extension.swift"; sourceTree = "<group>"; };
		919B016D29F119BE00B79435 /* UIButton+Extension.swift */ = {isa = PBXFileReference; lastKnownFileType = sourcecode.swift; path = "UIButton+Extension.swift"; sourceTree = "<group>"; };
		919B017429F11D8E00B79435 /* TextLiteral.swift */ = {isa = PBXFileReference; lastKnownFileType = sourcecode.swift; path = TextLiteral.swift; sourceTree = "<group>"; };
		919B017829F1218F00B79435 /* SignInView.swift */ = {isa = PBXFileReference; lastKnownFileType = sourcecode.swift; path = SignInView.swift; sourceTree = "<group>"; };
		919B017D29F1299000B79435 /* UIStackView+Extension.swift */ = {isa = PBXFileReference; lastKnownFileType = sourcecode.swift; path = "UIStackView+Extension.swift"; sourceTree = "<group>"; };
		919B018A29F17D3600B79435 /* Pretendard-Black.otf */ = {isa = PBXFileReference; lastKnownFileType = file; path = "Pretendard-Black.otf"; sourceTree = "<group>"; };
		919B018B29F17D3600B79435 /* Pretendard-ExtraBold.otf */ = {isa = PBXFileReference; lastKnownFileType = file; path = "Pretendard-ExtraBold.otf"; sourceTree = "<group>"; };
		919B018C29F17D3600B79435 /* Pretendard-Thin.otf */ = {isa = PBXFileReference; lastKnownFileType = file; path = "Pretendard-Thin.otf"; sourceTree = "<group>"; };
		919B018D29F17D3600B79435 /* Pretendard-ExtraLight.otf */ = {isa = PBXFileReference; lastKnownFileType = file; path = "Pretendard-ExtraLight.otf"; sourceTree = "<group>"; };
		919B018E29F17D3600B79435 /* Pretendard-Medium.otf */ = {isa = PBXFileReference; lastKnownFileType = file; path = "Pretendard-Medium.otf"; sourceTree = "<group>"; };
		919B018F29F17D3600B79435 /* Pretendard-Bold.otf */ = {isa = PBXFileReference; lastKnownFileType = file; path = "Pretendard-Bold.otf"; sourceTree = "<group>"; };
		919B019029F17D3600B79435 /* Pretendard-SemiBold.otf */ = {isa = PBXFileReference; lastKnownFileType = file; path = "Pretendard-SemiBold.otf"; sourceTree = "<group>"; };
		919B019129F17D3600B79435 /* Pretendard-Light.otf */ = {isa = PBXFileReference; lastKnownFileType = file; path = "Pretendard-Light.otf"; sourceTree = "<group>"; };
		919B019229F17D3600B79435 /* Pretendard-Regular.otf */ = {isa = PBXFileReference; lastKnownFileType = file; path = "Pretendard-Regular.otf"; sourceTree = "<group>"; };
		919DCFF929D7F84900324D03 /* 32th-Sopt-First-Seminar.app */ = {isa = PBXFileReference; explicitFileType = wrapper.application; includeInIndex = 0; path = "32th-Sopt-First-Seminar.app"; sourceTree = BUILT_PRODUCTS_DIR; };
		919DCFFC29D7F84900324D03 /* AppDelegate.swift */ = {isa = PBXFileReference; lastKnownFileType = sourcecode.swift; path = AppDelegate.swift; sourceTree = "<group>"; };
		919DCFFE29D7F84900324D03 /* SceneDelegate.swift */ = {isa = PBXFileReference; lastKnownFileType = sourcecode.swift; path = SceneDelegate.swift; sourceTree = "<group>"; };
		919DD00529D7F84B00324D03 /* Assets.xcassets */ = {isa = PBXFileReference; lastKnownFileType = folder.assetcatalog; path = Assets.xcassets; sourceTree = "<group>"; };
		919DD00829D7F84B00324D03 /* Base */ = {isa = PBXFileReference; lastKnownFileType = file.storyboard; name = Base; path = Base.lproj/LaunchScreen.storyboard; sourceTree = "<group>"; };
		919DD00A29D7F84B00324D03 /* Info.plist */ = {isa = PBXFileReference; lastKnownFileType = text.plist.xml; path = Info.plist; sourceTree = "<group>"; };
/* End PBXFileReference section */

/* Begin PBXFrameworksBuildPhase section */
		919DCFF629D7F84900324D03 /* Frameworks */ = {
			isa = PBXFrameworksBuildPhase;
			buildActionMask = 2147483647;
			files = (
				919B017C29F121BB00B79435 /* SnapKit in Frameworks */,
			);
			runOnlyForDeploymentPostprocessing = 0;
		};
/* End PBXFrameworksBuildPhase section */

/* Begin PBXGroup section */
		919B016F29F11D1600B79435 /* Extension */ = {
			isa = PBXGroup;
			children = (
				919B016D29F119BE00B79435 /* UIButton+Extension.swift */,
				919B016B29F1197700B79435 /* String+Extension.swift */,
				919B016929F1195200B79435 /* UITextField+Extension.swift */,
				919B016729F1191C00B79435 /* UIView+Extension.swift */,
				919B016129F1161C00B79435 /* UIColor+Extension.swift */,
				919B016529F118DE00B79435 /* UIFont+Extension.swift */,
				919B017D29F1299000B79435 /* UIStackView+Extension.swift */,
			);
			path = Extension;
			sourceTree = "<group>";
		};
		919B017029F11D3800B79435 /* Literal */ = {
			isa = PBXGroup;
			children = (
				919B016329F1166E00B79435 /* ImageLiteral.swift */,
				919B017429F11D8E00B79435 /* TextLiteral.swift */,
			);
			path = Literal;
			sourceTree = "<group>";
		};
		919B017129F11D4600B79435 /* Base */ = {
			isa = PBXGroup;
			children = (
				919B015F29F115F600B79435 /* BaseUIView.swift */,
				919B015D29F115A400B79435 /* BaseViewController.swift */,
			);
			path = Base;
			sourceTree = "<group>";
		};
		919B017229F11D5800B79435 /* Supports */ = {
			isa = PBXGroup;
			children = (
				919DCFFE29D7F84900324D03 /* SceneDelegate.swift */,
				919DCFFC29D7F84900324D03 /* AppDelegate.swift */,
				919DD00A29D7F84B00324D03 /* Info.plist */,
			);
			path = Supports;
			sourceTree = "<group>";
		};
		919B017329F11D6D00B79435 /* Resource */ = {
			isa = PBXGroup;
			children = (
				919B018929F17D1100B79435 /* UIFonts */,
				919DD00529D7F84B00324D03 /* Assets.xcassets */,
				919DD00729D7F84B00324D03 /* LaunchScreen.storyboard */,
			);
			path = Resource;
			sourceTree = "<group>";
		};
		919B017629F11FDE00B79435 /* Global */ = {
			isa = PBXGroup;
			children = (
				919B016F29F11D1600B79435 /* Extension */,
				919B017029F11D3800B79435 /* Literal */,
				919B017129F11D4600B79435 /* Base */,
				919B017229F11D5800B79435 /* Supports */,
				919B017329F11D6D00B79435 /* Resource */,
			);
			path = Global;
			sourceTree = "<group>";
		};
		919B017729F120EA00B79435 /* Presentation */ = {
			isa = PBXGroup;
			children = (
				919B015B29F1156400B79435 /* SignInViewController.swift */,
				919B017829F1218F00B79435 /* SignInView.swift */,
			);
			path = Presentation;
			sourceTree = "<group>";
		};
		919B018929F17D1100B79435 /* UIFonts */ = {
			isa = PBXGroup;
			children = (
				919B018A29F17D3600B79435 /* Pretendard-Black.otf */,
				919B018F29F17D3600B79435 /* Pretendard-Bold.otf */,
				919B018B29F17D3600B79435 /* Pretendard-ExtraBold.otf */,
				919B018D29F17D3600B79435 /* Pretendard-ExtraLight.otf */,
				919B019129F17D3600B79435 /* Pretendard-Light.otf */,
				919B018E29F17D3600B79435 /* Pretendard-Medium.otf */,
				919B019229F17D3600B79435 /* Pretendard-Regular.otf */,
				919B019029F17D3600B79435 /* Pretendard-SemiBold.otf */,
				919B018C29F17D3600B79435 /* Pretendard-Thin.otf */,
			);
			path = UIFonts;
			sourceTree = "<group>";
		};
		919DCFF029D7F84900324D03 = {
			isa = PBXGroup;
			children = (
				919DCFFB29D7F84900324D03 /* 32th-Sopt-First-Seminar */,
				919DCFFA29D7F84900324D03 /* Products */,
			);
			sourceTree = "<group>";
		};
		919DCFFA29D7F84900324D03 /* Products */ = {
			isa = PBXGroup;
			children = (
				919DCFF929D7F84900324D03 /* 32th-Sopt-First-Seminar.app */,
			);
			name = Products;
			sourceTree = "<group>";
		};
		919DCFFB29D7F84900324D03 /* 32th-Sopt-First-Seminar */ = {
			isa = PBXGroup;
			children = (
				919B017729F120EA00B79435 /* Presentation */,
				919B017629F11FDE00B79435 /* Global */,
			);
			path = "32th-Sopt-First-Seminar";
			sourceTree = "<group>";
		};
/* End PBXGroup section */

/* Begin PBXNativeTarget section */
		919DCFF829D7F84900324D03 /* 32th-Sopt-First-Seminar */ = {
			isa = PBXNativeTarget;
			buildConfigurationList = 919DD00D29D7F84B00324D03 /* Build configuration list for PBXNativeTarget "32th-Sopt-First-Seminar" */;
			buildPhases = (
				919DCFF529D7F84900324D03 /* Sources */,
				919DCFF629D7F84900324D03 /* Frameworks */,
				919DCFF729D7F84900324D03 /* Resources */,
			);
			buildRules = (
			);
			dependencies = (
			);
			name = "32th-Sopt-First-Seminar";
			packageProductDependencies = (
				919B017B29F121BB00B79435 /* SnapKit */,
			);
			productName = "32th-Sopt-First-Seminar";
			productReference = 919DCFF929D7F84900324D03 /* 32th-Sopt-First-Seminar.app */;
			productType = "com.apple.product-type.application";
		};
/* End PBXNativeTarget section */

/* Begin PBXProject section */
		919DCFF129D7F84900324D03 /* Project object */ = {
			isa = PBXProject;
			attributes = {
				BuildIndependentTargetsInParallel = 1;
				LastSwiftUpdateCheck = 1420;
				LastUpgradeCheck = 1420;
				TargetAttributes = {
					919DCFF829D7F84900324D03 = {
						CreatedOnToolsVersion = 14.2;
					};
				};
			};
			buildConfigurationList = 919DCFF429D7F84900324D03 /* Build configuration list for PBXProject "32th-Sopt-First-Seminar" */;
			compatibilityVersion = "Xcode 14.0";
			developmentRegion = en;
			hasScannedForEncodings = 0;
			knownRegions = (
				en,
				Base,
			);
			mainGroup = 919DCFF029D7F84900324D03;
			packageReferences = (
				919B017A29F121BB00B79435 /* XCRemoteSwiftPackageReference "SnapKit" */,
			);
			productRefGroup = 919DCFFA29D7F84900324D03 /* Products */;
			projectDirPath = "";
			projectRoot = "";
			targets = (
				919DCFF829D7F84900324D03 /* 32th-Sopt-First-Seminar */,
			);
		};
/* End PBXProject section */

/* Begin PBXResourcesBuildPhase section */
		919DCFF729D7F84900324D03 /* Resources */ = {
			isa = PBXResourcesBuildPhase;
			buildActionMask = 2147483647;
			files = (
				919B019729F17D3600B79435 /* Pretendard-Medium.otf in Resources */,
				919B019829F17D3600B79435 /* Pretendard-Bold.otf in Resources */,
				919B019629F17D3600B79435 /* Pretendard-ExtraLight.otf in Resources */,
				919B019A29F17D3600B79435 /* Pretendard-Light.otf in Resources */,
				919DD00929D7F84B00324D03 /* LaunchScreen.storyboard in Resources */,
				919B019529F17D3600B79435 /* Pretendard-Thin.otf in Resources */,
				919B019329F17D3600B79435 /* Pretendard-Black.otf in Resources */,
				919B019929F17D3600B79435 /* Pretendard-SemiBold.otf in Resources */,
				919B019B29F17D3600B79435 /* Pretendard-Regular.otf in Resources */,
				919B019429F17D3600B79435 /* Pretendard-ExtraBold.otf in Resources */,
				919DD00629D7F84B00324D03 /* Assets.xcassets in Resources */,
			);
			runOnlyForDeploymentPostprocessing = 0;
		};
/* End PBXResourcesBuildPhase section */

/* Begin PBXSourcesBuildPhase section */
		919DCFF529D7F84900324D03 /* Sources */ = {
			isa = PBXSourcesBuildPhase;
			buildActionMask = 2147483647;
			files = (
				919B016029F115F600B79435 /* BaseUIView.swift in Sources */,
				919B016C29F1197700B79435 /* String+Extension.swift in Sources */,
				919B017529F11D8E00B79435 /* TextLiteral.swift in Sources */,
				919DCFFD29D7F84900324D03 /* AppDelegate.swift in Sources */,
				919B015E29F115A400B79435 /* BaseViewController.swift in Sources */,
				919B016429F1166E00B79435 /* ImageLiteral.swift in Sources */,
				919B016E29F119BE00B79435 /* UIButton+Extension.swift in Sources */,
				919B016229F1161C00B79435 /* UIColor+Extension.swift in Sources */,
				919B017E29F1299000B79435 /* UIStackView+Extension.swift in Sources */,
				919B017929F1218F00B79435 /* SignInView.swift in Sources */,
				919B016A29F1195200B79435 /* UITextField+Extension.swift in Sources */,
				919B016829F1191C00B79435 /* UIView+Extension.swift in Sources */,
				919DCFFF29D7F84900324D03 /* SceneDelegate.swift in Sources */,
				919B016629F118DE00B79435 /* UIFont+Extension.swift in Sources */,
				919B015C29F1156400B79435 /* SignInViewController.swift in Sources */,
			);
			runOnlyForDeploymentPostprocessing = 0;
		};
/* End PBXSourcesBuildPhase section */

/* Begin PBXVariantGroup section */
		919DD00729D7F84B00324D03 /* LaunchScreen.storyboard */ = {
			isa = PBXVariantGroup;
			children = (
				919DD00829D7F84B00324D03 /* Base */,
			);
			name = LaunchScreen.storyboard;
			sourceTree = "<group>";
		};
/* End PBXVariantGroup section */

/* Begin XCBuildConfiguration section */
		919DD00B29D7F84B00324D03 /* Debug */ = {
			isa = XCBuildConfiguration;
			buildSettings = {
				ALWAYS_SEARCH_USER_PATHS = NO;
				CLANG_ANALYZER_NONNULL = YES;
				CLANG_ANALYZER_NUMBER_OBJECT_CONVERSION = YES_AGGRESSIVE;
				CLANG_CXX_LANGUAGE_STANDARD = "gnu++20";
				CLANG_ENABLE_MODULES = YES;
				CLANG_ENABLE_OBJC_ARC = YES;
				CLANG_ENABLE_OBJC_WEAK = YES;
				CLANG_WARN_BLOCK_CAPTURE_AUTORELEASING = YES;
				CLANG_WARN_BOOL_CONVERSION = YES;
				CLANG_WARN_COMMA = YES;
				CLANG_WARN_CONSTANT_CONVERSION = YES;
				CLANG_WARN_DEPRECATED_OBJC_IMPLEMENTATIONS = YES;
				CLANG_WARN_DIRECT_OBJC_ISA_USAGE = YES_ERROR;
				CLANG_WARN_DOCUMENTATION_COMMENTS = YES;
				CLANG_WARN_EMPTY_BODY = YES;
				CLANG_WARN_ENUM_CONVERSION = YES;
				CLANG_WARN_INFINITE_RECURSION = YES;
				CLANG_WARN_INT_CONVERSION = YES;
				CLANG_WARN_NON_LITERAL_NULL_CONVERSION = YES;
				CLANG_WARN_OBJC_IMPLICIT_RETAIN_SELF = YES;
				CLANG_WARN_OBJC_LITERAL_CONVERSION = YES;
				CLANG_WARN_OBJC_ROOT_CLASS = YES_ERROR;
				CLANG_WARN_QUOTED_INCLUDE_IN_FRAMEWORK_HEADER = YES;
				CLANG_WARN_RANGE_LOOP_ANALYSIS = YES;
				CLANG_WARN_STRICT_PROTOTYPES = YES;
				CLANG_WARN_SUSPICIOUS_MOVE = YES;
				CLANG_WARN_UNGUARDED_AVAILABILITY = YES_AGGRESSIVE;
				CLANG_WARN_UNREACHABLE_CODE = YES;
				CLANG_WARN__DUPLICATE_METHOD_MATCH = YES;
				COPY_PHASE_STRIP = NO;
				DEBUG_INFORMATION_FORMAT = dwarf;
				ENABLE_STRICT_OBJC_MSGSEND = YES;
				ENABLE_TESTABILITY = YES;
				GCC_C_LANGUAGE_STANDARD = gnu11;
				GCC_DYNAMIC_NO_PIC = NO;
				GCC_NO_COMMON_BLOCKS = YES;
				GCC_OPTIMIZATION_LEVEL = 0;
				GCC_PREPROCESSOR_DEFINITIONS = (
					"DEBUG=1",
					"$(inherited)",
				);
				GCC_WARN_64_TO_32_BIT_CONVERSION = YES;
				GCC_WARN_ABOUT_RETURN_TYPE = YES_ERROR;
				GCC_WARN_UNDECLARED_SELECTOR = YES;
				GCC_WARN_UNINITIALIZED_AUTOS = YES_AGGRESSIVE;
				GCC_WARN_UNUSED_FUNCTION = YES;
				GCC_WARN_UNUSED_VARIABLE = YES;
				IPHONEOS_DEPLOYMENT_TARGET = 16.2;
				MTL_ENABLE_DEBUG_INFO = INCLUDE_SOURCE;
				MTL_FAST_MATH = YES;
				ONLY_ACTIVE_ARCH = YES;
				SDKROOT = iphoneos;
				SWIFT_ACTIVE_COMPILATION_CONDITIONS = DEBUG;
				SWIFT_OPTIMIZATION_LEVEL = "-Onone";
			};
			name = Debug;
		};
		919DD00C29D7F84B00324D03 /* Release */ = {
			isa = XCBuildConfiguration;
			buildSettings = {
				ALWAYS_SEARCH_USER_PATHS = NO;
				CLANG_ANALYZER_NONNULL = YES;
				CLANG_ANALYZER_NUMBER_OBJECT_CONVERSION = YES_AGGRESSIVE;
				CLANG_CXX_LANGUAGE_STANDARD = "gnu++20";
				CLANG_ENABLE_MODULES = YES;
				CLANG_ENABLE_OBJC_ARC = YES;
				CLANG_ENABLE_OBJC_WEAK = YES;
				CLANG_WARN_BLOCK_CAPTURE_AUTORELEASING = YES;
				CLANG_WARN_BOOL_CONVERSION = YES;
				CLANG_WARN_COMMA = YES;
				CLANG_WARN_CONSTANT_CONVERSION = YES;
				CLANG_WARN_DEPRECATED_OBJC_IMPLEMENTATIONS = YES;
				CLANG_WARN_DIRECT_OBJC_ISA_USAGE = YES_ERROR;
				CLANG_WARN_DOCUMENTATION_COMMENTS = YES;
				CLANG_WARN_EMPTY_BODY = YES;
				CLANG_WARN_ENUM_CONVERSION = YES;
				CLANG_WARN_INFINITE_RECURSION = YES;
				CLANG_WARN_INT_CONVERSION = YES;
				CLANG_WARN_NON_LITERAL_NULL_CONVERSION = YES;
				CLANG_WARN_OBJC_IMPLICIT_RETAIN_SELF = YES;
				CLANG_WARN_OBJC_LITERAL_CONVERSION = YES;
				CLANG_WARN_OBJC_ROOT_CLASS = YES_ERROR;
				CLANG_WARN_QUOTED_INCLUDE_IN_FRAMEWORK_HEADER = YES;
				CLANG_WARN_RANGE_LOOP_ANALYSIS = YES;
				CLANG_WARN_STRICT_PROTOTYPES = YES;
				CLANG_WARN_SUSPICIOUS_MOVE = YES;
				CLANG_WARN_UNGUARDED_AVAILABILITY = YES_AGGRESSIVE;
				CLANG_WARN_UNREACHABLE_CODE = YES;
				CLANG_WARN__DUPLICATE_METHOD_MATCH = YES;
				COPY_PHASE_STRIP = NO;
				DEBUG_INFORMATION_FORMAT = "dwarf-with-dsym";
				ENABLE_NS_ASSERTIONS = NO;
				ENABLE_STRICT_OBJC_MSGSEND = YES;
				GCC_C_LANGUAGE_STANDARD = gnu11;
				GCC_NO_COMMON_BLOCKS = YES;
				GCC_WARN_64_TO_32_BIT_CONVERSION = YES;
				GCC_WARN_ABOUT_RETURN_TYPE = YES_ERROR;
				GCC_WARN_UNDECLARED_SELECTOR = YES;
				GCC_WARN_UNINITIALIZED_AUTOS = YES_AGGRESSIVE;
				GCC_WARN_UNUSED_FUNCTION = YES;
				GCC_WARN_UNUSED_VARIABLE = YES;
				IPHONEOS_DEPLOYMENT_TARGET = 16.2;
				MTL_ENABLE_DEBUG_INFO = NO;
				MTL_FAST_MATH = YES;
				SDKROOT = iphoneos;
				SWIFT_COMPILATION_MODE = wholemodule;
				SWIFT_OPTIMIZATION_LEVEL = "-O";
				VALIDATE_PRODUCT = YES;
			};
			name = Release;
		};
		919DD00E29D7F84B00324D03 /* Debug */ = {
			isa = XCBuildConfiguration;
			buildSettings = {
				ASSETCATALOG_COMPILER_APPICON_NAME = AppIcon;
				ASSETCATALOG_COMPILER_GLOBAL_ACCENT_COLOR_NAME = AccentColor;
				CODE_SIGN_STYLE = Automatic;
				CURRENT_PROJECT_VERSION = 1;
				DEVELOPMENT_TEAM = D96A3BCL3R;
				GENERATE_INFOPLIST_FILE = YES;
				INFOPLIST_FILE = "32th-Sopt-First-Seminar/Global/Supports/Info.plist";
				INFOPLIST_KEY_UIApplicationSupportsIndirectInputEvents = YES;
				INFOPLIST_KEY_UILaunchStoryboardName = LaunchScreen;
				INFOPLIST_KEY_UISupportedInterfaceOrientations_iPad = "UIInterfaceOrientationPortrait UIInterfaceOrientationPortraitUpsideDown UIInterfaceOrientationLandscapeLeft UIInterfaceOrientationLandscapeRight";
				INFOPLIST_KEY_UISupportedInterfaceOrientations_iPhone = "UIInterfaceOrientationPortrait UIInterfaceOrientationLandscapeLeft UIInterfaceOrientationLandscapeRight";
				LD_RUNPATH_SEARCH_PATHS = (
					"$(inherited)",
					"@executable_path/Frameworks",
				);
				MARKETING_VERSION = 1.0;
				PRODUCT_BUNDLE_IDENTIFIER = "com.JuneHyeokHong.-2th-Sopt-First-Seminar";
				PRODUCT_NAME = "$(TARGET_NAME)";
				SWIFT_EMIT_LOC_STRINGS = YES;
				SWIFT_VERSION = 5.0;
				TARGETED_DEVICE_FAMILY = "1,2";
			};
			name = Debug;
		};
		919DD00F29D7F84B00324D03 /* Release */ = {
			isa = XCBuildConfiguration;
			buildSettings = {
				ASSETCATALOG_COMPILER_APPICON_NAME = AppIcon;
				ASSETCATALOG_COMPILER_GLOBAL_ACCENT_COLOR_NAME = AccentColor;
				CODE_SIGN_STYLE = Automatic;
				CURRENT_PROJECT_VERSION = 1;
				DEVELOPMENT_TEAM = D96A3BCL3R;
				GENERATE_INFOPLIST_FILE = YES;
				INFOPLIST_FILE = "32th-Sopt-First-Seminar/Global/Supports/Info.plist";
				INFOPLIST_KEY_UIApplicationSupportsIndirectInputEvents = YES;
				INFOPLIST_KEY_UILaunchStoryboardName = LaunchScreen;
				INFOPLIST_KEY_UISupportedInterfaceOrientations_iPad = "UIInterfaceOrientationPortrait UIInterfaceOrientationPortraitUpsideDown UIInterfaceOrientationLandscapeLeft UIInterfaceOrientationLandscapeRight";
				INFOPLIST_KEY_UISupportedInterfaceOrientations_iPhone = "UIInterfaceOrientationPortrait UIInterfaceOrientationLandscapeLeft UIInterfaceOrientationLandscapeRight";
				LD_RUNPATH_SEARCH_PATHS = (
					"$(inherited)",
					"@executable_path/Frameworks",
				);
				MARKETING_VERSION = 1.0;
				PRODUCT_BUNDLE_IDENTIFIER = "com.JuneHyeokHong.-2th-Sopt-First-Seminar";
				PRODUCT_NAME = "$(TARGET_NAME)";
				SWIFT_EMIT_LOC_STRINGS = YES;
				SWIFT_VERSION = 5.0;
				TARGETED_DEVICE_FAMILY = "1,2";
			};
			name = Release;
		};
/* End XCBuildConfiguration section */

/* Begin XCConfigurationList section */
		919DCFF429D7F84900324D03 /* Build configuration list for PBXProject "32th-Sopt-First-Seminar" */ = {
			isa = XCConfigurationList;
			buildConfigurations = (
				919DD00B29D7F84B00324D03 /* Debug */,
				919DD00C29D7F84B00324D03 /* Release */,
			);
			defaultConfigurationIsVisible = 0;
			defaultConfigurationName = Release;
		};
		919DD00D29D7F84B00324D03 /* Build configuration list for PBXNativeTarget "32th-Sopt-First-Seminar" */ = {
			isa = XCConfigurationList;
			buildConfigurations = (
				919DD00E29D7F84B00324D03 /* Debug */,
				919DD00F29D7F84B00324D03 /* Release */,
			);
			defaultConfigurationIsVisible = 0;
			defaultConfigurationName = Release;
		};
/* End XCConfigurationList section */

/* Begin XCRemoteSwiftPackageReference section */
		919B017A29F121BB00B79435 /* XCRemoteSwiftPackageReference "SnapKit" */ = {
			isa = XCRemoteSwiftPackageReference;
			repositoryURL = "https://github.com/SnapKit/SnapKit.git";
			requirement = {
				branch = develop;
				kind = branch;
			};
		};
/* End XCRemoteSwiftPackageReference section */

/* Begin XCSwiftPackageProductDependency section */
		919B017B29F121BB00B79435 /* SnapKit */ = {
			isa = XCSwiftPackageProductDependency;
			package = 919B017A29F121BB00B79435 /* XCRemoteSwiftPackageReference "SnapKit" */;
			productName = SnapKit;
		};
/* End XCSwiftPackageProductDependency section */
	};
	rootObject = 919DCFF129D7F84900324D03 /* Project object */;
}
